# auto-generated by grc.converter

id: lora2_mfsk_genie_phase_est
label: MFSK Genie Phase Est
category: '[lora2]'

parameters:
-   id: M
    label: M
    dtype: int

inputs:
-   domain: stream
    dtype: complex

outputs:
-   domain: stream
    dtype: complex

templates:
    imports: import lora2
    make: lora2.mfsk_genie_phase_est(${M})

file_format: 1
