# auto-generated by grc.converter

id: lora2_css_demod
label: CSS Demodulator
category: '[lora2]'

parameters:
-   id: M
    label: M
    dtype: int
    default: 512
-   id: interp
    label: Interpolation
    dtype: int
    default: 2
-   id: B_cfo
    label: Freq Loop Gain
    dtype: float
    default: 0.35
-   id: B_delay
    label: Delay Loop Gain
    dtype: float
    default: 0.4

inputs:
-   domain: stream
    dtype: complex

outputs:
-   domain: stream
    dtype: short
-   label: cmplx_val
    domain: stream
    dtype: complex
    vlen: ${ M }
-   label: cfo_err
    domain: stream
    dtype: float
-   label: delay_err
    domain: stream
    dtype: float

templates:
    imports: import lora2
    make: lora2.css_demod(${M}, ${B_cfo}, ${B_delay}, ${interp})

file_format: 1
