# auto-generated by grc.converter

id: lora2_lora_soft_deinterleaver
label: LoRa Soft Deinterleaver
category: '[lora2]'

parameters:
-   id: SF
    label: SF
    dtype: int
    hide: ${ 'part' if vlen == 1 else 'none' }
-   id: CR
    label: CR
    dtype: int
-   id: reduced_rate
    label: Reduced rate
    dtype: bool

inputs:
-   domain: stream
    dtype: float
    vlen: ${ SF }

outputs:
-   domain: stream
    dtype: float

templates:
    imports: import lora2
    make: lora2.lora_soft_deinterleaver(${SF}, ${CR}, ${reduced_rate})

file_format: 1
