# auto-generated by grc.converter

id: lora2_lora_detect_sof
label: LoRa Detect SOF
category: '[lora2]'

parameters:
-   id: SF
    label: SF
    dtype: int

inputs:
-   domain: stream
    dtype: complex

outputs:
-   domain: stream
    dtype: complex

templates:
    imports: import lora2
    make: lora2.lora_detect_sof(${SF})

file_format: 1
