id: lora2_lora_crc
label: LoRa CRC
category: '[lora2]'

parameters:
-   id: check
    label: Mode
    dtype: enum
    options: ['False', 'True']
    option_labels: [Generate CRC, Check CRC]
    default: 'False'

inputs:
- label: pdus
  domain: message

outputs:
- label: pdus
  domain: message

templates:
  imports: import lora2
  make: lora2.lora_crc(${check})

#  'file_format' specifies the version of the GRC yml format used in the file
#  and should usually not be changed.
file_format: 1
