# auto-generated by grc.converter

id: lora2_css_fine_cfo_track
label: css_fine_cfo_track
category: '[lora2]'

parameters:
-   id: '...'
    label: '...'
    dtype: '...'

inputs:
-   domain: stream
    dtype: ''

outputs:
-   domain: stream
    dtype: ''

templates:
    imports: import lora2
    make: lora2.css_fine_cfo_track(${M}, ${b})

file_format: 1
