# auto-generated by grc.converter

id: lora2_lora_low_rate_opt_tx
label: LoRa Low Rate Optimize TX
category: '[lora2]'

inputs:
-   domain: stream
    dtype: short

outputs:
-   domain: stream
    dtype: short

templates:
    imports: import lora2
    make: lora2.lora_low_rate_opt_tx()

file_format: 1
