id: lora2_lora_pad
label: LoRa Pad
category: '[lora2]'

templates:
  imports: import lora2
  make: lora2.lora_pad(${len_tag_key}, ${SF}, ${CR}, ${reduced_rate})

parameters:
- id: SF
  label: SF
  dtype: int
- id: CR
  label: CR
  dtype: int
- id: reduced_rate
  label: Reduced Rate
  dtype: bool
  default: false
- id: len_tag_key
  label: Length Tag Key
  dtype: string

inputs:
- label: in
  dtype: byte
  vlen: 1

outputs:
- label: out
  dtype: byte
  vlen: 1

#  'file_format' specifies the version of the GRC yml format used in the file
#  and should usually not be changed.
file_format: 1
