# auto-generated by grc.converter

id: lora2_lora_whiten
label: LoRa Whiten
category: '[lora2]'

parameters:
-   id: len_tag_key
    label: Length Tag Key
    dtype: string

inputs:
-   domain: stream
    dtype: byte

outputs:
-   domain: stream
    dtype: byte

templates:
    imports: import lora2
    make: lora2.lora_whiten(${len_tag_key})

file_format: 1
